// !$*UTF8*$!
{
	archiveVersion = 1;
	classes = {
	};
	objectVersion = 56;
	objects = {

/* Begin PBXBuildFile section */
		A00000000000000000000001 /* MirrorClockApp.swift in Sources */ = {isa = PBXBuildFile; fileRef = A00000000000000000000101 /* MirrorClockApp.swift */; };
		A00000000000000000000002 /* ContentView.swift in Sources */ = {isa = PBXBuildFile; fileRef = A00000000000000000000102 /* ContentView.swift */; };
		A00000000000000000000003 /* Assets.xcassets in Resources */ = {isa = PBXBuildFile; fileRef = A00000000000000000000103 /* Assets.xcassets */; };
		A00000000000000000000004 /* MirrorClockTests.swift in Sources */ = {isa = PBXBuildFile; fileRef = A00000000000000000000104 /* MirrorClockTests.swift */; };
/* End PBXBuildFile section */

/* Begin PBXContainerItemProxy section */
		A00000000000000000000502 /* PBXContainerItemProxy */ = {
			isa = PBXContainerItemProxy;
			containerPortal = A00000000000000000000601 /* Project object */;
			proxyType = 1;
			remoteGlobalIDString = A00000000000000000000401;
			remoteInfo = MirrorClock;
		};
/* End PBXContainerItemProxy section */

/* Begin PBXFileReference section */
		A00000000000000000000101 /* MirrorClockApp.swift */ = {isa = PBXFileReference; lastKnownFileType = sourcecode.swift; path = MirrorClockApp.swift; sourceTree = "<group>"; };
		A00000000000000000000102 /* ContentView.swift */ = {isa = PBXFileReference; lastKnownFileType = sourcecode.swift; path = ContentView.swift; sourceTree = "<group>"; };
		A00000000000000000000103 /* Assets.xcassets */ = {isa = PBXFileReference; lastKnownFileType = folder.assetcatalog; path = Assets.xcassets; sourceTree = "<group>"; };
		A00000000000000000000104 /* MirrorClockTests.swift */ = {isa = PBXFileReference; lastKnownFileType = sourcecode.swift; path = MirrorClockTests.swift; sourceTree = "<group>"; };
		A00000000000000000000105 /* MirrorClock.app */ = {isa = PBXFileReference; explicitFileType = wrapper.application; includeInIndex = 0; path = MirrorClock.app; sourceTree = BUILT_PRODUCTS_DIR; };
		A00000000000000000000106 /* MirrorClockTests.xctest */ = {isa = PBXFileReference; explicitFileType = wrapper.cfbundle; includeInIndex = 0; path = MirrorClockTests.xctest; sourceTree = BUILT_PRODUCTS_DIR; };
/* End PBXFileReference section */

/* Begin PBXFrameworksBuildPhase section */
		A00000000000000000000302 /* Frameworks */ = {
			isa = PBXFrameworksBuildPhase;
			buildActionMask = 2147483647;
			files = (
			);
			runOnlyForDeploymentPostprocessing = 0;
		};
		A00000000000000000000305 /* Frameworks */ = {
			isa = PBXFrameworksBuildPhase;
			buildActionMask = 2147483647;
			files = (
			);
			runOnlyForDeploymentPostprocessing = 0;
		};
/* End PBXFrameworksBuildPhase section */

/* Begin PBXGroup section */
		A00000000000000000000201 = {
			isa = PBXGroup;
			children = (
				A00000000000000000000202 /* MirrorClock */,
				A00000000000000000000203 /* MirrorClockTests */,
				A00000000000000000000204 /* Products */,
			);
			sourceTree = "<group>";
		};
		A00000000000000000000202 /* MirrorClock */ = {
			isa = PBXGroup;
			children = (
				A00000000000000000000101 /* MirrorClockApp.swift */,
				A00000000000000000000102 /* ContentView.swift */,
				A00000000000000000000103 /* Assets.xcassets */,
			);
			path = MirrorClock;
			sourceTree = "<group>";
		};
		A00000000000000000000203 /* MirrorClockTests */ = {
			isa = PBXGroup;
			children = (
				A00000000000000000000104 /* MirrorClockTests.swift */,
			);
			path = MirrorClockTests;
			sourceTree = "<group>";
		};
		A00000000000000000000204 /* Products */ = {
			isa = PBXGroup;
			children = (
				A00000000000000000000105 /* MirrorClock.app */,
				A00000000000000000000106 /* MirrorClockTests.xctest */,
			);
			name = Products;
			sourceTree = "<group>";
		};
/* End PBXGroup section */

/* Begin PBXNativeTarget section */
		A00000000000000000000401 /* MirrorClock */ = {
			isa = PBXNativeTarget;
			buildConfigurationList = A00000000000000000000802 /* Build configuration list for PBXNativeTarget "MirrorClock" */;
			buildPhases = (
				A00000000000000000000301 /* Sources */,
				A00000000000000000000302 /* Frameworks */,
				A00000000000000000000303 /* Resources */,
			);
			buildRules = (
			);
			dependencies = (
			);
			name = MirrorClock;
			productName = MirrorClock;
			productReference = A00000000000000000000105 /* MirrorClock.app */;
			productType = "com.apple.product-type.application";
		};
		A00000000000000000000402 /* MirrorClockTests */ = {
			isa = PBXNativeTarget;
			buildConfigurationList = A00000000000000000000803 /* Build configuration list for PBXNativeTarget "MirrorClockTests" */;
			buildPhases = (
				A00000000000000000000304 /* Sources */,
				A00000000000000000000305 /* Frameworks */,
				A00000000000000000000306 /* Resources */,
			);
			buildRules = (
			);
			dependencies = (
				A00000000000000000000501 /* PBXTargetDependency */,
			);
			name = MirrorClockTests;
			productName = MirrorClockTests;
			productReference = A00000000000000000000106 /* MirrorClockTests.xctest */;
			productType = "com.apple.product-type.bundle.unit-test";
		};
/* End PBXNativeTarget section */

/* Begin PBXProject section */
		A00000000000000000000601 /* Project object */ = {
			isa = PBXProject;
			attributes = {
				BuildIndependentTargetsInParallel = 1;
				LastSwiftUpdateCheck = 2660;
				LastUpgradeCheck = 2660;
				TargetAttributes = {
					A00000000000000000000401 = {
						CreatedOnToolsVersion = 26.6;
					};
					A00000000000000000000402 = {
						CreatedOnToolsVersion = 26.6;
						TestTargetID = A00000000000000000000401;
					};
				};
			};
			buildConfigurationList = A00000000000000000000801 /* Build configuration list for PBXProject "MirrorClock" */;
			compatibilityVersion = "Xcode 14.0";
			developmentRegion = en;
			hasScannedForEncodings = 0;
			knownRegions = (
				en,
				Base,
			);
			mainGroup = A00000000000000000000201;
			productRefGroup = A00000000000000000000204 /* Products */;
			projectDirPath = "";
			projectRoot = "";
			targets = (
				A00000000000000000000401 /* MirrorClock */,
				A00000000000000000000402 /* MirrorClockTests */,
			);
		};
/* End PBXProject section */

/* Begin PBXResourcesBuildPhase section */
		A00000000000000000000303 /* Resources */ = {
			isa = PBXResourcesBuildPhase;
			buildActionMask = 2147483647;
			files = (
				A00000000000000000000003 /* Assets.xcassets in Resources */,
			);
			runOnlyForDeploymentPostprocessing = 0;
		};
		A00000000000000000000306 /* Resources */ = {
			isa = PBXResourcesBuildPhase;
			buildActionMask = 2147483647;
			files = (
			);
			runOnlyForDeploymentPostprocessing = 0;
		};
/* End PBXResourcesBuildPhase section */

/* Begin PBXSourcesBuildPhase section */
		A00000000000000000000301 /* Sources */ = {
			isa = PBXSourcesBuildPhase;
			buildActionMask = 2147483647;
			files = (
				A00000000000000000000002 /* ContentView.swift in Sources */,
				A00000000000000000000001 /* MirrorClockApp.swift in Sources */,
			);
			runOnlyForDeploymentPostprocessing = 0;
		};
		A00000000000000000000304 /* Sources */ = {
			isa = PBXSourcesBuildPhase;
			buildActionMask = 2147483647;
			files = (
				A00000000000000000000004 /* MirrorClockTests.swift in Sources */,
			);
			runOnlyForDeploymentPostprocessing = 0;
		};
/* End PBXSourcesBuildPhase section */

/* Begin PBXTargetDependency section */
		A00000000000000000000501 /* PBXTargetDependency */ = {
			isa = PBXTargetDependency;
			target = A00000000000000000000401 /* MirrorClock */;
			targetProxy = A00000000000000000000502 /* PBXContainerItemProxy */;
		};
/* End PBXTargetDependency section */

/* Begin XCBuildConfiguration section */
		A00000000000000000000701 /* Debug */ = {
			isa = XCBuildConfiguration;
			buildSettings = {
				ALWAYS_SEARCH_USER_PATHS = NO;
				CLANG_ENABLE_MODULES = YES;
				CLANG_ENABLE_OBJC_ARC = YES;
				COPY_PHASE_STRIP = NO;
				DEBUG_INFORMATION_FORMAT = dwarf;
				ENABLE_TESTABILITY = YES;
				GCC_C_LANGUAGE_STANDARD = gnu17;
				GCC_OPTIMIZATION_LEVEL = 0;
				GCC_PREPROCESSOR_DEFINITIONS = (
					"DEBUG=1",
					"$(inherited)",
				);
				IPHONEOS_DEPLOYMENT_TARGET = 18.0;
				ONLY_ACTIVE_ARCH = YES;
				SDKROOT = iphoneos;
				SWIFT_ACTIVE_COMPILATION_CONDITIONS = "DEBUG $(inherited)";
				SWIFT_OPTIMIZATION_LEVEL = "-Onone";
			};
			name = Debug;
		};
		A00000000000000000000702 /* Release */ = {
			isa = XCBuildConfiguration;
			buildSettings = {
				ALWAYS_SEARCH_USER_PATHS = NO;
				CLANG_ENABLE_MODULES = YES;
				CLANG_ENABLE_OBJC_ARC = YES;
				COPY_PHASE_STRIP = NO;
				DEBUG_INFORMATION_FORMAT = "dwarf-with-dsym";
				ENABLE_NS_ASSERTIONS = NO;
				GCC_C_LANGUAGE_STANDARD = gnu17;
				IPHONEOS_DEPLOYMENT_TARGET = 18.0;
				SDKROOT = iphoneos;
				SWIFT_COMPILATION_MODE = wholemodule;
				VALIDATE_PRODUCT = YES;
			};
			name = Release;
		};
		A00000000000000000000703 /* Debug */ = {
			isa = XCBuildConfiguration;
			buildSettings = {
				ASSETCATALOG_COMPILER_APPICON_NAME = AppIcon;
				ASSETCATALOG_COMPILER_GLOBAL_ACCENT_COLOR_NAME = AccentColor;
				CODE_SIGN_STYLE = Automatic;
				CURRENT_PROJECT_VERSION = 1;
				ENABLE_PREVIEWS = YES;
				GENERATE_INFOPLIST_FILE = YES;
				INFOPLIST_KEY_CFBundleDisplayName = "Mirror Clock";
				INFOPLIST_KEY_LSApplicationCategoryType = "public.app-category.utilities";
				INFOPLIST_KEY_UIApplicationSceneManifest_Generation = YES;
				INFOPLIST_KEY_UIApplicationSupportsIndirectInputEvents = YES;
				INFOPLIST_KEY_UILaunchScreen_Generation = YES;
				IPHONEOS_DEPLOYMENT_TARGET = 18.0;
				LD_RUNPATH_SEARCH_PATHS = (
					"$(inherited)",
					"@executable_path/Frameworks",
				);
				MARKETING_VERSION = 1.0;
				PRODUCT_BUNDLE_IDENTIFIER = com.fujiwaraworks.mirrorclock;
				PRODUCT_NAME = "$(TARGET_NAME)";
				SUPPORTED_PLATFORMS = "iphoneos iphonesimulator";
				SUPPORTS_MACCATALYST = NO;
				SUPPORTS_MAC_DESIGNED_FOR_IPHONE_IPAD = NO;
				SWIFT_EMIT_LOC_STRINGS = YES;
				SWIFT_STRICT_CONCURRENCY = complete;
				SWIFT_VERSION = 6.0;
				TARGETED_DEVICE_FAMILY = 1;
			};
			name = Debug;
		};
		A00000000000000000000704 /* Release */ = {
			isa = XCBuildConfiguration;
			buildSettings = {
				ASSETCATALOG_COMPILER_APPICON_NAME = AppIcon;
				ASSETCATALOG_COMPILER_GLOBAL_ACCENT_COLOR_NAME = AccentColor;
				CODE_SIGN_STYLE = Automatic;
				CURRENT_PROJECT_VERSION = 1;
				ENABLE_PREVIEWS = YES;
				GENERATE_INFOPLIST_FILE = YES;
				INFOPLIST_KEY_CFBundleDisplayName = "Mirror Clock";
				INFOPLIST_KEY_LSApplicationCategoryType = "public.app-category.utilities";
				INFOPLIST_KEY_UIApplicationSceneManifest_Generation = YES;
				INFOPLIST_KEY_UIApplicationSupportsIndirectInputEvents = YES;
				INFOPLIST_KEY_UILaunchScreen_Generation = YES;
				IPHONEOS_DEPLOYMENT_TARGET = 18.0;
				LD_RUNPATH_SEARCH_PATHS = (
					"$(inherited)",
					"@executable_path/Frameworks",
				);
				MARKETING_VERSION = 1.0;
				PRODUCT_BUNDLE_IDENTIFIER = com.fujiwaraworks.mirrorclock;
				PRODUCT_NAME = "$(TARGET_NAME)";
				SUPPORTED_PLATFORMS = "iphoneos iphonesimulator";
				SUPPORTS_MACCATALYST = NO;
				SUPPORTS_MAC_DESIGNED_FOR_IPHONE_IPAD = NO;
				SWIFT_EMIT_LOC_STRINGS = YES;
				SWIFT_STRICT_CONCURRENCY = complete;
				SWIFT_VERSION = 6.0;
				TARGETED_DEVICE_FAMILY = 1;
			};
			name = Release;
		};
		A00000000000000000000705 /* Debug */ = {
			isa = XCBuildConfiguration;
			buildSettings = {
				BUNDLE_LOADER = "$(TEST_HOST)";
				CODE_SIGN_STYLE = Automatic;
				GENERATE_INFOPLIST_FILE = YES;
				IPHONEOS_DEPLOYMENT_TARGET = 18.0;
				LD_RUNPATH_SEARCH_PATHS = (
					"$(inherited)",
					"@executable_path/Frameworks",
					"@loader_path/Frameworks",
				);
				PRODUCT_BUNDLE_IDENTIFIER = com.fujiwaraworks.mirrorclock.tests;
				PRODUCT_NAME = "$(TARGET_NAME)";
				SUPPORTED_PLATFORMS = "iphoneos iphonesimulator";
				SWIFT_STRICT_CONCURRENCY = complete;
				SWIFT_VERSION = 6.0;
				TARGETED_DEVICE_FAMILY = 1;
				TEST_HOST = "$(BUILT_PRODUCTS_DIR)/MirrorClock.app/$(BUNDLE_EXECUTABLE_FOLDER_PATH)/MirrorClock";
			};
			name = Debug;
		};
		A00000000000000000000706 /* Release */ = {
			isa = XCBuildConfiguration;
			buildSettings = {
				BUNDLE_LOADER = "$(TEST_HOST)";
				CODE_SIGN_STYLE = Automatic;
				GENERATE_INFOPLIST_FILE = YES;
				IPHONEOS_DEPLOYMENT_TARGET = 18.0;
				LD_RUNPATH_SEARCH_PATHS = (
					"$(inherited)",
					"@executable_path/Frameworks",
					"@loader_path/Frameworks",
				);
				PRODUCT_BUNDLE_IDENTIFIER = com.fujiwaraworks.mirrorclock.tests;
				PRODUCT_NAME = "$(TARGET_NAME)";
				SUPPORTED_PLATFORMS = "iphoneos iphonesimulator";
				SWIFT_STRICT_CONCURRENCY = complete;
				SWIFT_VERSION = 6.0;
				TARGETED_DEVICE_FAMILY = 1;
				TEST_HOST = "$(BUILT_PRODUCTS_DIR)/MirrorClock.app/$(BUNDLE_EXECUTABLE_FOLDER_PATH)/MirrorClock";
			};
			name = Release;
		};
/* End XCBuildConfiguration section */

/* Begin XCConfigurationList section */
		A00000000000000000000801 /* Build configuration list for PBXProject "MirrorClock" */ = {
			isa = XCConfigurationList;
			buildConfigurations = (
				A00000000000000000000701 /* Debug */,
				A00000000000000000000702 /* Release */,
			);
			defaultConfigurationIsVisible = 0;
			defaultConfigurationName = Release;
		};
		A00000000000000000000802 /* Build configuration list for PBXNativeTarget "MirrorClock" */ = {
			isa = XCConfigurationList;
			buildConfigurations = (
				A00000000000000000000703 /* Debug */,
				A00000000000000000000704 /* Release */,
			);
			defaultConfigurationIsVisible = 0;
			defaultConfigurationName = Release;
		};
		A00000000000000000000803 /* Build configuration list for PBXNativeTarget "MirrorClockTests" */ = {
			isa = XCConfigurationList;
			buildConfigurations = (
				A00000000000000000000705 /* Debug */,
				A00000000000000000000706 /* Release */,
			);
			defaultConfigurationIsVisible = 0;
			defaultConfigurationName = Release;
		};
/* End XCConfigurationList section */
	};
	rootObject = A00000000000000000000601 /* Project object */;
}
